# THIS IS AN AUTOGENERATED FILE. DO NOT EDIT THIS FILE DIRECTLY.
# yarn lockfile v1


"@openzeppelin/contracts@^3.4.1":
  "integrity" "sha512-cUriqMauq1ylzP2TxePNdPqkwI7Le3Annh4K9rrpvKfSBB/bdW+Iu1ihBaTIABTAAJ85LmKL5SSPPL9ry8d1gQ=="
  "resolved" "https://registry.npmjs.org/@openzeppelin/contracts/-/contracts-3.4.1.tgz"
  "version" "3.4.1"

"assertion-error@^1.1.0":
  "integrity" "sha512-jgsaNduz+ndvGyFt3uSuWqvy4lCnIJiovtouQN5JZHOKCS2QuhEdbcQHFhVksz2N2U9hXJo8odG7ETyWlEeuDw=="
  "resolved" "https://registry.npmjs.org/assertion-error/-/assertion-error-1.1.0.tgz"
  "version" "1.1.0"

"chai@^4.3.3":
  "integrity" "sha512-yS5H68VYOCtN1cjfwumDSuzn/9c+yza4f3reKXlE5rUg7SFcCEy90gJvydNgOYtblyf4Zi6jIWRnXOgErta0KA=="
  "resolved" "https://registry.npmjs.org/chai/-/chai-4.3.4.tgz"
  "version" "4.3.4"
  dependencies:
    "assertion-error" "^1.1.0"
    "check-error" "^1.0.2"
    "deep-eql" "^3.0.1"
    "get-func-name" "^2.0.0"
    "pathval" "^1.1.1"
    "type-detect" "^4.0.5"

"check-error@^1.0.2":
  "integrity" "sha1-V00xLt2Iu13YkS6Sht1sCu1KrII="
  "resolved" "https://registry.npmjs.org/check-error/-/check-error-1.0.2.tgz"
  "version" "1.0.2"

"deep-eql@^3.0.1":
  "integrity" "sha512-+QeIQyN5ZuO+3Uk5DYh6/1eKO0m0YmJFGNmFHGACpf1ClL1nmlV/p4gNgbl2pJGxgXb4faqo6UE+M5ACEMyVcw=="
  "resolved" "https://registry.npmjs.org/deep-eql/-/deep-eql-3.0.1.tgz"
  "version" "3.0.1"
  dependencies:
    "type-detect" "^4.0.0"

"get-func-name@^2.0.0":
  "integrity" "sha1-6td0q+5y4gQJQzoGY2YCPdaIekE="
  "resolved" "https://registry.npmjs.org/get-func-name/-/get-func-name-2.0.0.tgz"
  "version" "2.0.0"

"lodash.isequal@^4.5.0":
  "integrity" "sha1-QVxEePK8wwEgwizhDtMib30+GOA="
  "resolved" "https://registry.npmjs.org/lodash.isequal/-/lodash.isequal-4.5.0.tgz"
  "version" "4.5.0"

"pathval@^1.1.1":
  "integrity" "sha512-Dp6zGqpTdETdR63lehJYPeIOqpiNBNtc7BpWSLrOje7UaIsE5aY92r/AunQA7rsXvet3lrJ3JnZX29UPTKXyKQ=="
  "resolved" "https://registry.npmjs.org/pathval/-/pathval-1.1.1.tgz"
  "version" "1.1.1"

"truffle-assertions@^0.9.2":
  "integrity" "sha512-9g2RhaxU2F8DeWhqoGQvL/bV8QVoSnQ6PY+ZPvYRP5eF7+/8LExb4mjLx/FeliLTjc3Tv1SABG05Gu5qQ/ErmA=="
  "resolved" "https://registry.npmjs.org/truffle-assertions/-/truffle-assertions-0.9.2.tgz"
  "version" "0.9.2"
  dependencies:
    "assertion-error" "^1.1.0"
    "lodash.isequal" "^4.5.0"

"type-detect@^4.0.0", "type-detect@^4.0.5":
  "integrity" "sha512-0fr/mIH1dlO+x7TlcMy+bIDqKPsw/70tVyeHW787goQjhmqaZe10uwLujubK9q9Lg6Fiho1KUKDYz0Z7k7g5/g=="
  "resolved" "https://registry.npmjs.org/type-detect/-/type-detect-4.0.8.tgz"
  "version" "4.0.8"
